
Microsoft Visual Studio Solution File, Format Version 12.00
# Visual Studio 15
VisualStudioVersion = 15.0.26730.16
MinimumVisualStudioVersion = 10.0.40219.1
Project("{FAE04EC0-301F-11D3-BF4B-00C04F79EFBC}") = "DSS", "DSS\DSS.csproj", "{4362E19C-F66B-4DC1-9BB8-7E8FFB29CDBC}"
EndProject
Global
	GlobalSection(SolutionConfigurationPlatforms) = preSolution
		Debug|Any CPU = Debug|Any CPU
		Release|Any CPU = Release|Any CPU
	EndGlobalSection
	GlobalSection(ProjectConfigurationPlatforms) = postSolution
		{4362E19C-F66B-4DC1-9BB8-7E8FFB29CDBC}.Debug|Any CPU.ActiveCfg = Debug|Any CPU
		{4362E19C-F66B-4DC1-9BB8-7E8FFB29CDBC}.Debug|Any CPU.Build.0 = Debug|Any CPU
		{4362E19C-F66B-4DC1-9BB8-7E8FFB29CDBC}.Release|Any CPU.ActiveCfg = Release|Any CPU
		{4362E19C-F66B-4DC1-9BB8-7E8FFB29CDBC}.Release|Any CPU.Build.0 = Release|Any CPU
	EndGlobalSection
	GlobalSection(SolutionProperties) = preSolution
		HideSolutionNode = FALSE
	EndGlobalSection
	GlobalSection(ExtensibilityGlobals) = postSolution
		SolutionGuid = {EEA98B53-EDE5-41D5-9F04-319D83B4913C}
	EndGlobalSection
EndGlobal
